
Microsoft Visual Studio Solution File, Format Version 12.00
# Visual Studio Version 16
VisualStudioVersion = 16.0.31205.134
MinimumVisualStudioVersion = 10.0.40219.1
Project("{FAE04EC0-301F-11D3-BF4B-00C04F79EFBC}") = "EFInMemoryDatabase", "EFInMemoryDatabase\EFInMemoryDatabase.csproj", "{A65C0F01-F8A5-4CBC-88F3-E28CBB25D9C4}"
EndProject
Global
	GlobalSection(SolutionConfigurationPlatforms) = preSolution
		Debug|Any CPU = Debug|Any CPU
		Release|Any CPU = Release|Any CPU
	EndGlobalSection
	GlobalSection(ProjectConfigurationPlatforms) = postSolution
		{A65C0F01-F8A5-4CBC-88F3-E28CBB25D9C4}.Debug|Any CPU.ActiveCfg = Debug|Any CPU
		{A65C0F01-F8A5-4CBC-88F3-E28CBB25D9C4}.Debug|Any CPU.Build.0 = Debug|Any CPU
		{A65C0F01-F8A5-4CBC-88F3-E28CBB25D9C4}.Release|Any CPU.ActiveCfg = Release|Any CPU
		{A65C0F01-F8A5-4CBC-88F3-E28CBB25D9C4}.Release|Any CPU.Build.0 = Release|Any CPU
	EndGlobalSection
	GlobalSection(SolutionProperties) = preSolution
		HideSolutionNode = FALSE
	EndGlobalSection
	GlobalSection(ExtensibilityGlobals) = postSolution
		SolutionGuid = {37CF388E-23DE-4DBA-A122-10D029C002BC}
	EndGlobalSection
EndGlobal
